
Microsoft Visual Studio Solution File, Format Version 12.00
# Visual Studio Version 16
VisualStudioVersion = 16.0.810.17
MinimumVisualStudioVersion = 10.0.40219.1
Project("{FAE04EC0-301F-11D3-BF4B-00C04F79EFBC}") = "NumberGuesser", "NumberGuesser.csproj", "{A6D6FA7A-EC43-4967-BFF3-0C91E8EC6408}"
EndProject
Global
	GlobalSection(SolutionConfigurationPlatforms) = preSolution
		Debug|Any CPU = Debug|Any CPU
		Release|Any CPU = Release|Any CPU
	EndGlobalSection
	GlobalSection(ProjectConfigurationPlatforms) = postSolution
		{A6D6FA7A-EC43-4967-BFF3-0C91E8EC6408}.Debug|Any CPU.ActiveCfg = Debug|Any CPU
		{A6D6FA7A-EC43-4967-BFF3-0C91E8EC6408}.Debug|Any CPU.Build.0 = Debug|Any CPU
		{A6D6FA7A-EC43-4967-BFF3-0C91E8EC6408}.Release|Any CPU.ActiveCfg = Release|Any CPU
		{A6D6FA7A-EC43-4967-BFF3-0C91E8EC6408}.Release|Any CPU.Build.0 = Release|Any CPU
	EndGlobalSection
	GlobalSection(SolutionProperties) = preSolution
		HideSolutionNode = FALSE
	EndGlobalSection
	GlobalSection(ExtensibilityGlobals) = postSolution
		SolutionGuid = {8A563FC6-0ADC-4F06-95DC-4B17865E4E15}
	EndGlobalSection
EndGlobal
